
Microsoft Visual Studio Solution File, Format Version 12.00
# Visual Studio 15
VisualStudioVersion = 15.0.27130.2036
MinimumVisualStudioVersion = 10.0.40219.1
Project("{8BC9CEB8-8B4A-11D0-8D11-00A0C91BC942}") = "Utilites", "Utilities\Utilities\Utilites.vcxproj", "{ABA715D0-6470-360F-9CA7-6B032ED7E3F0}"
EndProject
Project("{8BC9CEB8-8B4A-11D0-8D11-00A0C91BC942}") = "SkyscrappersCUDA", "SkyscrappersCUDA\SkyscrappersCUDA.vcxproj", "{682B9801-1309-4C9E-97B1-BDE0C205FDF4}"
EndProject
Project("{8BC9CEB8-8B4A-11D0-8D11-00A0C91BC942}") = "Skyscrappers", "Skyscrappers\Skyscrappers.vcxproj", "{E8013ABA-1727-467C-B222-E1083E130C3D}"
EndProject
Global
	GlobalSection(SolutionConfigurationPlatforms) = preSolution
		Debug|x64 = Debug|x64
		Debug|x86 = Debug|x86
		MinSizeRel|x64 = MinSizeRel|x64
		MinSizeRel|x86 = MinSizeRel|x86
		Release|x64 = Release|x64
		Release|x86 = Release|x86
		RelWithDebInfo|x64 = RelWithDebInfo|x64
		RelWithDebInfo|x86 = RelWithDebInfo|x86
	EndGlobalSection
	GlobalSection(ProjectConfigurationPlatforms) = postSolution
		{ABA715D0-6470-360F-9CA7-6B032ED7E3F0}.Debug|x64.ActiveCfg = Debug|x64
		{ABA715D0-6470-360F-9CA7-6B032ED7E3F0}.Debug|x64.Build.0 = Debug|x64
		{ABA715D0-6470-360F-9CA7-6B032ED7E3F0}.Debug|x86.ActiveCfg = Debug|x64
		{ABA715D0-6470-360F-9CA7-6B032ED7E3F0}.MinSizeRel|x64.ActiveCfg = MinSizeRel|x64
		{ABA715D0-6470-360F-9CA7-6B032ED7E3F0}.MinSizeRel|x64.Build.0 = MinSizeRel|x64
		{ABA715D0-6470-360F-9CA7-6B032ED7E3F0}.MinSizeRel|x86.ActiveCfg = MinSizeRel|x64
		{ABA715D0-6470-360F-9CA7-6B032ED7E3F0}.Release|x64.ActiveCfg = Release|x64
		{ABA715D0-6470-360F-9CA7-6B032ED7E3F0}.Release|x64.Build.0 = Release|x64
		{ABA715D0-6470-360F-9CA7-6B032ED7E3F0}.Release|x86.ActiveCfg = Release|x64
		{ABA715D0-6470-360F-9CA7-6B032ED7E3F0}.RelWithDebInfo|x64.ActiveCfg = RelWithDebInfo|x64
		{ABA715D0-6470-360F-9CA7-6B032ED7E3F0}.RelWithDebInfo|x64.Build.0 = RelWithDebInfo|x64
		{ABA715D0-6470-360F-9CA7-6B032ED7E3F0}.RelWithDebInfo|x86.ActiveCfg = RelWithDebInfo|x64
		{682B9801-1309-4C9E-97B1-BDE0C205FDF4}.Debug|x64.ActiveCfg = Debug|x64
		{682B9801-1309-4C9E-97B1-BDE0C205FDF4}.Debug|x64.Build.0 = Debug|x64
		{682B9801-1309-4C9E-97B1-BDE0C205FDF4}.Debug|x86.ActiveCfg = Debug|x64
		{682B9801-1309-4C9E-97B1-BDE0C205FDF4}.Debug|x86.Build.0 = Debug|x64
		{682B9801-1309-4C9E-97B1-BDE0C205FDF4}.MinSizeRel|x64.ActiveCfg = Release|x64
		{682B9801-1309-4C9E-97B1-BDE0C205FDF4}.MinSizeRel|x64.Build.0 = Release|x64
		{682B9801-1309-4C9E-97B1-BDE0C205FDF4}.MinSizeRel|x86.ActiveCfg = Release|x64
		{682B9801-1309-4C9E-97B1-BDE0C205FDF4}.MinSizeRel|x86.Build.0 = Release|x64
		{682B9801-1309-4C9E-97B1-BDE0C205FDF4}.Release|x64.ActiveCfg = Release|x64
		{682B9801-1309-4C9E-97B1-BDE0C205FDF4}.Release|x64.Build.0 = Release|x64
		{682B9801-1309-4C9E-97B1-BDE0C205FDF4}.Release|x86.ActiveCfg = Release|x64
		{682B9801-1309-4C9E-97B1-BDE0C205FDF4}.RelWithDebInfo|x64.ActiveCfg = Release|x64
		{682B9801-1309-4C9E-97B1-BDE0C205FDF4}.RelWithDebInfo|x64.Build.0 = Release|x64
		{682B9801-1309-4C9E-97B1-BDE0C205FDF4}.RelWithDebInfo|x86.ActiveCfg = Release|x64
		{682B9801-1309-4C9E-97B1-BDE0C205FDF4}.RelWithDebInfo|x86.Build.0 = Release|x64
		{E8013ABA-1727-467C-B222-E1083E130C3D}.Debug|x64.ActiveCfg = Debug|x64
		{E8013ABA-1727-467C-B222-E1083E130C3D}.Debug|x64.Build.0 = Debug|x64
		{E8013ABA-1727-467C-B222-E1083E130C3D}.Debug|x86.ActiveCfg = Debug|Win32
		{E8013ABA-1727-467C-B222-E1083E130C3D}.Debug|x86.Build.0 = Debug|Win32
		{E8013ABA-1727-467C-B222-E1083E130C3D}.MinSizeRel|x64.ActiveCfg = Release|x64
		{E8013ABA-1727-467C-B222-E1083E130C3D}.MinSizeRel|x64.Build.0 = Release|x64
		{E8013ABA-1727-467C-B222-E1083E130C3D}.MinSizeRel|x86.ActiveCfg = Release|Win32
		{E8013ABA-1727-467C-B222-E1083E130C3D}.MinSizeRel|x86.Build.0 = Release|Win32
		{E8013ABA-1727-467C-B222-E1083E130C3D}.Release|x64.ActiveCfg = Release|x64
		{E8013ABA-1727-467C-B222-E1083E130C3D}.Release|x64.Build.0 = Release|x64
		{E8013ABA-1727-467C-B222-E1083E130C3D}.Release|x86.ActiveCfg = Release|Win32
		{E8013ABA-1727-467C-B222-E1083E130C3D}.Release|x86.Build.0 = Release|Win32
		{E8013ABA-1727-467C-B222-E1083E130C3D}.RelWithDebInfo|x64.ActiveCfg = Release|x64
		{E8013ABA-1727-467C-B222-E1083E130C3D}.RelWithDebInfo|x64.Build.0 = Release|x64
		{E8013ABA-1727-467C-B222-E1083E130C3D}.RelWithDebInfo|x86.ActiveCfg = Release|Win32
		{E8013ABA-1727-467C-B222-E1083E130C3D}.RelWithDebInfo|x86.Build.0 = Release|Win32
	EndGlobalSection
	GlobalSection(SolutionProperties) = preSolution
		HideSolutionNode = FALSE
	EndGlobalSection
	GlobalSection(ExtensibilityGlobals) = postSolution
		SolutionGuid = {C44B98D6-1284-4420-BDCF-6F3532C301D9}
	EndGlobalSection
EndGlobal
